# This file is automatically @generated by Cargo.
# It is not intended for manual editing.
version = 4

[[package]]
name = "noxide"
version = "0.1.0"
dependencies = [
 "noxide-macros",
]

[[package]]
name = "noxide-cli"
version = "0.1.0"
dependencies = [
 "noxide",
]

[[package]]
name = "noxide-macros"
version = "0.1.0"
